
Microsoft Visual Studio Solution File, Format Version 12.00
# Visual Studio Version 17
VisualStudioVersion = 17.2.32630.192
MinimumVisualStudioVersion = 10.0.40219.1
Project("{9A19103F-16F7-4668-BE54-9A1E7A4F7556}") = "R5T.T0196", "R5T.T0196\R5T.T0196.csproj", "{61165858-06DA-43A1-B82D-2D1048FB10E3}"
EndProject
Project("{2150E333-8FDC-42A3-9474-1A3956D46DE8}") = "_Dependencies", "_Dependencies", "{8C06B647-55A3-4485-97EE-D163BB9B5989}"
EndProject
Project("{9A19103F-16F7-4668-BE54-9A1E7A4F7556}") = "R5T.T0132", "..\..\R5T.T0132\source\R5T.T0132\R5T.T0132.csproj", "{4265EE45-7F5D-406A-843A-FB8BF41B532E}"
EndProject
Project("{9A19103F-16F7-4668-BE54-9A1E7A4F7556}") = "R5T.T0143", "..\..\R5T.T0143\source\R5T.T0143\R5T.T0143.csproj", "{6AD1AFEB-3335-42A8-B44F-FC368A76360F}"
EndProject
Project("{9A19103F-16F7-4668-BE54-9A1E7A4F7556}") = "R5T.T0178", "..\..\R5T.T0178\source\R5T.T0178\R5T.T0178.csproj", "{D8EFC1DF-DF61-48EF-A7F7-590865BDB748}"
EndProject
Project("{9A19103F-16F7-4668-BE54-9A1E7A4F7556}") = "R5T.T0179", "..\..\R5T.T0179\source\R5T.T0179\R5T.T0179.csproj", "{5036298E-B552-4E38-B8E1-87D78EC1B719}"
EndProject
Global
	GlobalSection(NestedProjects) = preSolution
		{4265EE45-7F5D-406A-843A-FB8BF41B532E} = {8C06B647-55A3-4485-97EE-D163BB9B5989}
		{6AD1AFEB-3335-42A8-B44F-FC368A76360F} = {8C06B647-55A3-4485-97EE-D163BB9B5989}
		{D8EFC1DF-DF61-48EF-A7F7-590865BDB748} = {8C06B647-55A3-4485-97EE-D163BB9B5989}
		{5036298E-B552-4E38-B8E1-87D78EC1B719} = {8C06B647-55A3-4485-97EE-D163BB9B5989}
	EndGlobalSection
	GlobalSection(SolutionConfigurationPlatforms) = preSolution
		Debug|Any CPU = Debug|Any CPU
		Release|Any CPU = Release|Any CPU
	EndGlobalSection
	GlobalSection(ProjectConfigurationPlatforms) = postSolution
		{61165858-06DA-43A1-B82D-2D1048FB10E3}.Debug|Any CPU.ActiveCfg = Debug|Any CPU
		{61165858-06DA-43A1-B82D-2D1048FB10E3}.Debug|Any CPU.Build.0 = Debug|Any CPU
		{61165858-06DA-43A1-B82D-2D1048FB10E3}.Release|Any CPU.ActiveCfg = Release|Any CPU
		{61165858-06DA-43A1-B82D-2D1048FB10E3}.Release|Any CPU.Build.0 = Release|Any CPU
		{4265EE45-7F5D-406A-843A-FB8BF41B532E}.Debug|Any CPU.ActiveCfg = Debug|Any CPU
		{4265EE45-7F5D-406A-843A-FB8BF41B532E}.Debug|Any CPU.Build.0 = Debug|Any CPU
		{4265EE45-7F5D-406A-843A-FB8BF41B532E}.Release|Any CPU.ActiveCfg = Release|Any CPU
		{4265EE45-7F5D-406A-843A-FB8BF41B532E}.Release|Any CPU.Build.0 = Release|Any CPU
		{6AD1AFEB-3335-42A8-B44F-FC368A76360F}.Debug|Any CPU.ActiveCfg = Debug|Any CPU
		{6AD1AFEB-3335-42A8-B44F-FC368A76360F}.Debug|Any CPU.Build.0 = Debug|Any CPU
		{6AD1AFEB-3335-42A8-B44F-FC368A76360F}.Release|Any CPU.ActiveCfg = Release|Any CPU
		{6AD1AFEB-3335-42A8-B44F-FC368A76360F}.Release|Any CPU.Build.0 = Release|Any CPU
		{D8EFC1DF-DF61-48EF-A7F7-590865BDB748}.Debug|Any CPU.ActiveCfg = Debug|Any CPU
		{D8EFC1DF-DF61-48EF-A7F7-590865BDB748}.Debug|Any CPU.Build.0 = Debug|Any CPU
		{D8EFC1DF-DF61-48EF-A7F7-590865BDB748}.Release|Any CPU.ActiveCfg = Release|Any CPU
		{D8EFC1DF-DF61-48EF-A7F7-590865BDB748}.Release|Any CPU.Build.0 = Release|Any CPU
		{5036298E-B552-4E38-B8E1-87D78EC1B719}.Debug|Any CPU.ActiveCfg = Debug|Any CPU
		{5036298E-B552-4E38-B8E1-87D78EC1B719}.Debug|Any CPU.Build.0 = Debug|Any CPU
		{5036298E-B552-4E38-B8E1-87D78EC1B719}.Release|Any CPU.ActiveCfg = Release|Any CPU
		{5036298E-B552-4E38-B8E1-87D78EC1B719}.Release|Any CPU.Build.0 = Release|Any CPU
	EndGlobalSection
	GlobalSection(SolutionProperties) = preSolution
		HideSolutionNode = FALSE
	EndGlobalSection
	GlobalSection(ExtensibilityGlobals) = postSolution
		SolutionGuid = {BAF2D058-DF3C-4709-916C-6472A7F7F6F1}
	EndGlobalSection
EndGlobal
