
Microsoft Visual Studio Solution File, Format Version 12.00
# Visual Studio Version 17
VisualStudioVersion = 17.2.32630.192
MinimumVisualStudioVersion = 10.0.40219.1
Project("{9A19103F-16F7-4668-BE54-9A1E7A4F7556}") = "R5T.T0196.Construction", "R5T.T0196.Construction\R5T.T0196.Construction.csproj", "{004A93A5-58E1-41AD-A822-10953E654F86}"
EndProject
Project("{9A19103F-16F7-4668-BE54-9A1E7A4F7556}") = "R5T.T0196", "R5T.T0196\R5T.T0196.csproj", "{B40F6589-C4AE-4D88-8782-E76DB8501185}"
EndProject
Project("{2150E333-8FDC-42A3-9474-1A3956D46DE8}") = "_Dependencies", "_Dependencies", "{E1EAE899-CBDB-4428-BEF0-4F313294B929}"
EndProject
Project("{9A19103F-16F7-4668-BE54-9A1E7A4F7556}") = "R5T.T0132", "..\..\R5T.T0132\source\R5T.T0132\R5T.T0132.csproj", "{2545E2D5-25D0-4CEA-8C87-95804B915A3E}"
EndProject
Project("{9A19103F-16F7-4668-BE54-9A1E7A4F7556}") = "R5T.T0143", "..\..\R5T.T0143\source\R5T.T0143\R5T.T0143.csproj", "{64B9A710-B222-4198-8F9C-032676317E78}"
EndProject
Project("{9A19103F-16F7-4668-BE54-9A1E7A4F7556}") = "R5T.T0178", "..\..\R5T.T0178\source\R5T.T0178\R5T.T0178.csproj", "{CF618A3B-19A8-49A7-95E2-05745617DE0F}"
EndProject
Project("{9A19103F-16F7-4668-BE54-9A1E7A4F7556}") = "R5T.T0179", "..\..\R5T.T0179\source\R5T.T0179\R5T.T0179.csproj", "{10449F7C-5017-488B-9579-22B3676CE42F}"
EndProject
Global
	GlobalSection(NestedProjects) = preSolution
		{2545E2D5-25D0-4CEA-8C87-95804B915A3E} = {E1EAE899-CBDB-4428-BEF0-4F313294B929}
		{64B9A710-B222-4198-8F9C-032676317E78} = {E1EAE899-CBDB-4428-BEF0-4F313294B929}
		{CF618A3B-19A8-49A7-95E2-05745617DE0F} = {E1EAE899-CBDB-4428-BEF0-4F313294B929}
		{10449F7C-5017-488B-9579-22B3676CE42F} = {E1EAE899-CBDB-4428-BEF0-4F313294B929}
	EndGlobalSection
	GlobalSection(SolutionConfigurationPlatforms) = preSolution
		Debug|Any CPU = Debug|Any CPU
		Release|Any CPU = Release|Any CPU
	EndGlobalSection
	GlobalSection(ProjectConfigurationPlatforms) = postSolution
		{004A93A5-58E1-41AD-A822-10953E654F86}.Debug|Any CPU.ActiveCfg = Debug|Any CPU
		{004A93A5-58E1-41AD-A822-10953E654F86}.Debug|Any CPU.Build.0 = Debug|Any CPU
		{004A93A5-58E1-41AD-A822-10953E654F86}.Release|Any CPU.ActiveCfg = Release|Any CPU
		{004A93A5-58E1-41AD-A822-10953E654F86}.Release|Any CPU.Build.0 = Release|Any CPU
		{B40F6589-C4AE-4D88-8782-E76DB8501185}.Debug|Any CPU.ActiveCfg = Debug|Any CPU
		{B40F6589-C4AE-4D88-8782-E76DB8501185}.Debug|Any CPU.Build.0 = Debug|Any CPU
		{B40F6589-C4AE-4D88-8782-E76DB8501185}.Release|Any CPU.ActiveCfg = Release|Any CPU
		{B40F6589-C4AE-4D88-8782-E76DB8501185}.Release|Any CPU.Build.0 = Release|Any CPU
		{2545E2D5-25D0-4CEA-8C87-95804B915A3E}.Debug|Any CPU.ActiveCfg = Debug|Any CPU
		{2545E2D5-25D0-4CEA-8C87-95804B915A3E}.Debug|Any CPU.Build.0 = Debug|Any CPU
		{2545E2D5-25D0-4CEA-8C87-95804B915A3E}.Release|Any CPU.ActiveCfg = Release|Any CPU
		{2545E2D5-25D0-4CEA-8C87-95804B915A3E}.Release|Any CPU.Build.0 = Release|Any CPU
		{64B9A710-B222-4198-8F9C-032676317E78}.Debug|Any CPU.ActiveCfg = Debug|Any CPU
		{64B9A710-B222-4198-8F9C-032676317E78}.Debug|Any CPU.Build.0 = Debug|Any CPU
		{64B9A710-B222-4198-8F9C-032676317E78}.Release|Any CPU.ActiveCfg = Release|Any CPU
		{64B9A710-B222-4198-8F9C-032676317E78}.Release|Any CPU.Build.0 = Release|Any CPU
		{CF618A3B-19A8-49A7-95E2-05745617DE0F}.Debug|Any CPU.ActiveCfg = Debug|Any CPU
		{CF618A3B-19A8-49A7-95E2-05745617DE0F}.Debug|Any CPU.Build.0 = Debug|Any CPU
		{CF618A3B-19A8-49A7-95E2-05745617DE0F}.Release|Any CPU.ActiveCfg = Release|Any CPU
		{CF618A3B-19A8-49A7-95E2-05745617DE0F}.Release|Any CPU.Build.0 = Release|Any CPU
		{10449F7C-5017-488B-9579-22B3676CE42F}.Debug|Any CPU.ActiveCfg = Debug|Any CPU
		{10449F7C-5017-488B-9579-22B3676CE42F}.Debug|Any CPU.Build.0 = Debug|Any CPU
		{10449F7C-5017-488B-9579-22B3676CE42F}.Release|Any CPU.ActiveCfg = Release|Any CPU
		{10449F7C-5017-488B-9579-22B3676CE42F}.Release|Any CPU.Build.0 = Release|Any CPU
	EndGlobalSection
	GlobalSection(SolutionProperties) = preSolution
		HideSolutionNode = FALSE
	EndGlobalSection
	GlobalSection(ExtensibilityGlobals) = postSolution
		SolutionGuid = {9BD1EBF4-0125-4105-8CCA-A54A78273989}
	EndGlobalSection
EndGlobal
