
Microsoft Visual Studio Solution File, Format Version 12.00
# Visual Studio Version 17
VisualStudioVersion = 17.2.32630.192
MinimumVisualStudioVersion = 10.0.40219.1
Project("{9A19103F-16F7-4668-BE54-9A1E7A4F7556}") = "R5T.T0196", "R5T.T0196\R5T.T0196.csproj", "{61165858-06DA-43A1-B82D-2D1048FB10E3}"
EndProject
Global
	GlobalSection(SolutionConfigurationPlatforms) = preSolution
		Debug|Any CPU = Debug|Any CPU
		Release|Any CPU = Release|Any CPU
	EndGlobalSection
	GlobalSection(ProjectConfigurationPlatforms) = postSolution
		{61165858-06DA-43A1-B82D-2D1048FB10E3}.Debug|Any CPU.ActiveCfg = Debug|Any CPU
		{61165858-06DA-43A1-B82D-2D1048FB10E3}.Debug|Any CPU.Build.0 = Debug|Any CPU
		{61165858-06DA-43A1-B82D-2D1048FB10E3}.Release|Any CPU.ActiveCfg = Release|Any CPU
		{61165858-06DA-43A1-B82D-2D1048FB10E3}.Release|Any CPU.Build.0 = Release|Any CPU
	EndGlobalSection
	GlobalSection(SolutionProperties) = preSolution
		HideSolutionNode = FALSE
	EndGlobalSection
	GlobalSection(ExtensibilityGlobals) = postSolution
		SolutionGuid = {BAF2D058-DF3C-4709-916C-6472A7F7F6F1}
	EndGlobalSection
EndGlobal
